
Microsoft Visual Studio Solution File, Format Version 12.00
# Visual Studio Version 17
VisualStudioVersion = 17.10.34916.146
MinimumVisualStudioVersion = 10.0.40219.1
Project("{9A19103F-16F7-4668-BE54-9A1E7A4F7556}") = "GestionDeTiendaParte2.UI", "GestionDeTiendaParte2.UI\GestionDeTiendaParte2.UI.csproj", "{CE8EE9C6-8C45-4312-B93B-45D96B7ED29D}"
EndProject
Project("{9A19103F-16F7-4668-BE54-9A1E7A4F7556}") = "GestionDeTiendaParte2.Model", "GestionDeTiendaParte2.Model\GestionDeTiendaParte2.Model.csproj", "{463A3782-93F6-4ADC-BEE2-335F68A359A8}"
EndProject
Project("{9A19103F-16F7-4668-BE54-9A1E7A4F7556}") = "GestionDeTiendaParte2.DA", "GestionDeTiendaParte2.DA\GestionDeTiendaParte2.DA.csproj", "{606D8BA7-1584-4D78-B472-50922BD9AE5F}"
EndProject
Project("{9A19103F-16F7-4668-BE54-9A1E7A4F7556}") = "GestionDeTiendaParte2.BL", "GestionDeTiendaParte2.BL\GestionDeTiendaParte2.BL.csproj", "{0A4E4334-D7D4-4490-87A2-61C143C6CC6A}"
EndProject
Project("{9A19103F-16F7-4668-BE54-9A1E7A4F7556}") = "GestionDeTiendaParte2.SI", "GestionDeTiendaParte2.SI\GestionDeTiendaParte2.SI.csproj", "{5D73B060-1C17-42D1-AEB6-4A271D513140}"
EndProject
Project("{FAE04EC0-301F-11D3-BF4B-00C04F79EFBC}") = "GestionDeTiendaParte2.App", "GestionDeTiendaParte2.App\GestionDeTiendaParte2.App.csproj", "{A068C4BC-1687-4B53-AD9D-C77FB113851A}"
EndProject
Global
	GlobalSection(SolutionConfigurationPlatforms) = preSolution
		Debug|Any CPU = Debug|Any CPU
		Release|Any CPU = Release|Any CPU
	EndGlobalSection
	GlobalSection(ProjectConfigurationPlatforms) = postSolution
		{CE8EE9C6-8C45-4312-B93B-45D96B7ED29D}.Debug|Any CPU.ActiveCfg = Debug|Any CPU
		{CE8EE9C6-8C45-4312-B93B-45D96B7ED29D}.Debug|Any CPU.Build.0 = Debug|Any CPU
		{CE8EE9C6-8C45-4312-B93B-45D96B7ED29D}.Release|Any CPU.ActiveCfg = Release|Any CPU
		{CE8EE9C6-8C45-4312-B93B-45D96B7ED29D}.Release|Any CPU.Build.0 = Release|Any CPU
		{463A3782-93F6-4ADC-BEE2-335F68A359A8}.Debug|Any CPU.ActiveCfg = Debug|Any CPU
		{463A3782-93F6-4ADC-BEE2-335F68A359A8}.Debug|Any CPU.Build.0 = Debug|Any CPU
		{463A3782-93F6-4ADC-BEE2-335F68A359A8}.Release|Any CPU.ActiveCfg = Release|Any CPU
		{463A3782-93F6-4ADC-BEE2-335F68A359A8}.Release|Any CPU.Build.0 = Release|Any CPU
		{606D8BA7-1584-4D78-B472-50922BD9AE5F}.Debug|Any CPU.ActiveCfg = Debug|Any CPU
		{606D8BA7-1584-4D78-B472-50922BD9AE5F}.Debug|Any CPU.Build.0 = Debug|Any CPU
		{606D8BA7-1584-4D78-B472-50922BD9AE5F}.Release|Any CPU.ActiveCfg = Release|Any CPU
		{606D8BA7-1584-4D78-B472-50922BD9AE5F}.Release|Any CPU.Build.0 = Release|Any CPU
		{0A4E4334-D7D4-4490-87A2-61C143C6CC6A}.Debug|Any CPU.ActiveCfg = Debug|Any CPU
		{0A4E4334-D7D4-4490-87A2-61C143C6CC6A}.Debug|Any CPU.Build.0 = Debug|Any CPU
		{0A4E4334-D7D4-4490-87A2-61C143C6CC6A}.Release|Any CPU.ActiveCfg = Release|Any CPU
		{0A4E4334-D7D4-4490-87A2-61C143C6CC6A}.Release|Any CPU.Build.0 = Release|Any CPU
		{5D73B060-1C17-42D1-AEB6-4A271D513140}.Debug|Any CPU.ActiveCfg = Debug|Any CPU
		{5D73B060-1C17-42D1-AEB6-4A271D513140}.Debug|Any CPU.Build.0 = Debug|Any CPU
		{5D73B060-1C17-42D1-AEB6-4A271D513140}.Release|Any CPU.ActiveCfg = Release|Any CPU
		{5D73B060-1C17-42D1-AEB6-4A271D513140}.Release|Any CPU.Build.0 = Release|Any CPU
		{A068C4BC-1687-4B53-AD9D-C77FB113851A}.Debug|Any CPU.ActiveCfg = Debug|Any CPU
		{A068C4BC-1687-4B53-AD9D-C77FB113851A}.Debug|Any CPU.Build.0 = Debug|Any CPU
		{A068C4BC-1687-4B53-AD9D-C77FB113851A}.Debug|Any CPU.Deploy.0 = Debug|Any CPU
		{A068C4BC-1687-4B53-AD9D-C77FB113851A}.Release|Any CPU.ActiveCfg = Release|Any CPU
		{A068C4BC-1687-4B53-AD9D-C77FB113851A}.Release|Any CPU.Build.0 = Release|Any CPU
		{A068C4BC-1687-4B53-AD9D-C77FB113851A}.Release|Any CPU.Deploy.0 = Release|Any CPU
	EndGlobalSection
	GlobalSection(SolutionProperties) = preSolution
		HideSolutionNode = FALSE
	EndGlobalSection
	GlobalSection(ExtensibilityGlobals) = postSolution
		SolutionGuid = {8CB3F2C1-5747-41F1-820C-1AAA450F5105}
	EndGlobalSection
EndGlobal
